
Microsoft Visual Studio Solution File, Format Version 12.00
# Visual Studio Version 17
VisualStudioVersion = 17.4.33213.308
MinimumVisualStudioVersion = 10.0.40219.1
Project("{FAE04EC0-301F-11D3-BF4B-00C04F79EFBC}") = "REVIT_IMPORT", "REVIT_IMPORT.csproj", "{944245FB-C08D-4543-8808-B15B5257D12E}"
EndProject
Global
	GlobalSection(SolutionConfigurationPlatforms) = preSolution
		Debug|Any CPU = Debug|Any CPU
		Release|Any CPU = Release|Any CPU
	EndGlobalSection
	GlobalSection(ProjectConfigurationPlatforms) = postSolution
		{944245FB-C08D-4543-8808-B15B5257D12E}.Debug|Any CPU.ActiveCfg = Debug|Any CPU
		{944245FB-C08D-4543-8808-B15B5257D12E}.Debug|Any CPU.Build.0 = Debug|Any CPU
		{944245FB-C08D-4543-8808-B15B5257D12E}.Release|Any CPU.ActiveCfg = Release|Any CPU
		{944245FB-C08D-4543-8808-B15B5257D12E}.Release|Any CPU.Build.0 = Release|Any CPU
	EndGlobalSection
	GlobalSection(SolutionProperties) = preSolution
		HideSolutionNode = FALSE
	EndGlobalSection
	GlobalSection(ExtensibilityGlobals) = postSolution
		SolutionGuid = {E97FA410-46A2-4454-8694-6070666C2BEF}
	EndGlobalSection
EndGlobal
